
Microsoft Visual Studio Solution File, Format Version 12.00
# Visual Studio Version 16
VisualStudioVersion = 16.0.30611.23
MinimumVisualStudioVersion = 10.0.40219.1
Project("{FAE04EC0-301F-11D3-BF4B-00C04F79EFBC}") = "BlazorCase", "BlazorCase\BlazorCase.csproj", "{B7C180DC-20EB-437B-82E2-A0139B5A3BDF}"
EndProject
Global
	GlobalSection(SolutionConfigurationPlatforms) = preSolution
		Debug|Any CPU = Debug|Any CPU
		Release|Any CPU = Release|Any CPU
	EndGlobalSection
	GlobalSection(ProjectConfigurationPlatforms) = postSolution
		{B7C180DC-20EB-437B-82E2-A0139B5A3BDF}.Debug|Any CPU.ActiveCfg = Debug|Any CPU
		{B7C180DC-20EB-437B-82E2-A0139B5A3BDF}.Debug|Any CPU.Build.0 = Debug|Any CPU
		{B7C180DC-20EB-437B-82E2-A0139B5A3BDF}.Release|Any CPU.ActiveCfg = Release|Any CPU
		{B7C180DC-20EB-437B-82E2-A0139B5A3BDF}.Release|Any CPU.Build.0 = Release|Any CPU
	EndGlobalSection
	GlobalSection(SolutionProperties) = preSolution
		HideSolutionNode = FALSE
	EndGlobalSection
	GlobalSection(ExtensibilityGlobals) = postSolution
		SolutionGuid = {2B676A35-E451-4801-A1C6-C91F53DE63D0}
	EndGlobalSection
EndGlobal
